// !$*UTF8*$!
{
	archiveVersion = 1;
	classes = {
	};
	objectVersion = 48;
	objects = {

/* Begin PBXBuildFile section */
		278A4A5F206D4EAF00D0F040 /* HistoryTableViewController.swift in Sources */ = {isa = PBXBuildFile; fileRef = 278A4A5E206D4EAF00D0F040 /* HistoryTableViewController.swift */; };
		78428CC9206D1450004A6342 /* SettingsViewController.swift in Sources */ = {isa = PBXBuildFile; fileRef = 78428CC8206D1450004A6342 /* SettingsViewController.swift */; };
		78428CCB206D1778004A6342 /* SettingsTableViewCell.swift in Sources */ = {isa = PBXBuildFile; fileRef = 78428CCA206D1778004A6342 /* SettingsTableViewCell.swift */; };
		786926DE20741346009CC203 /* LoginViewController.swift in Sources */ = {isa = PBXBuildFile; fileRef = 786926DD20741345009CC203 /* LoginViewController.swift */; };
		78DDD33820742C8E00A870F6 /* LoginHelper.swift in Sources */ = {isa = PBXBuildFile; fileRef = 78DDD33720742C8E00A870F6 /* LoginHelper.swift */; };
		98BD6969929EC011E017EFAD /* Pods_BMH.framework in Frameworks */ = {isa = PBXBuildFile; fileRef = 1D1710C135088E5B384F48D3 /* Pods_BMH.framework */; };
		EA0810202075E2580059C0DD /* ProgressTableViewController.swift in Sources */ = {isa = PBXBuildFile; fileRef = EA08101F2075E2580059C0DD /* ProgressTableViewController.swift */; };
		EA0A98E62071A9B400C7D253 /* HistoryCell.xib in Resources */ = {isa = PBXBuildFile; fileRef = EA0A98E42071A9B400C7D253 /* HistoryCell.xib */; };
		EA0A98E72071A9B400C7D253 /* HistoryCell.swift in Sources */ = {isa = PBXBuildFile; fileRef = EA0A98E52071A9B400C7D253 /* HistoryCell.swift */; };
		EA1E531620741F19005A9F41 /* ActivityExercise.swift in Sources */ = {isa = PBXBuildFile; fileRef = EA1E531520741F19005A9F41 /* ActivityExercise.swift */; };
		EA1E531A2074211F005A9F41 /* ActExList.json in Resources */ = {isa = PBXBuildFile; fileRef = EA1E53192074211F005A9F41 /* ActExList.json */; };
		EA29CDBB206B22DF00B016FE /* AppDelegate.swift in Sources */ = {isa = PBXBuildFile; fileRef = EA29CDBA206B22DF00B016FE /* AppDelegate.swift */; };
		EA29CDBD206B22DF00B016FE /* ProgressViewController.swift in Sources */ = {isa = PBXBuildFile; fileRef = EA29CDBC206B22DF00B016FE /* ProgressViewController.swift */; };
		EA29CDBF206B22DF00B016FE /* HistoryViewController.swift in Sources */ = {isa = PBXBuildFile; fileRef = EA29CDBE206B22DF00B016FE /* HistoryViewController.swift */; };
		EA29CDC2206B22DF00B016FE /* Main.storyboard in Resources */ = {isa = PBXBuildFile; fileRef = EA29CDC0206B22DF00B016FE /* Main.storyboard */; };
		EA29CDC4206B22DF00B016FE /* Assets.xcassets in Resources */ = {isa = PBXBuildFile; fileRef = EA29CDC3206B22DF00B016FE /* Assets.xcassets */; };
		EA29CDC7206B22DF00B016FE /* LaunchScreen.storyboard in Resources */ = {isa = PBXBuildFile; fileRef = EA29CDC5206B22DF00B016FE /* LaunchScreen.storyboard */; };
		EA31488F206C33A7006F712A /* SelectionTableViewCell.swift in Sources */ = {isa = PBXBuildFile; fileRef = EA31488D206C33A7006F712A /* SelectionTableViewCell.swift */; };
		EA314890206C33A7006F712A /* SelectionTableViewCell.xib in Resources */ = {isa = PBXBuildFile; fileRef = EA31488E206C33A7006F712A /* SelectionTableViewCell.xib */; };
		EA7566BB2074BCE600E547D9 /* UIColorHelper.swift in Sources */ = {isa = PBXBuildFile; fileRef = EA7566BA2074BCE600E547D9 /* UIColorHelper.swift */; };
		EAB7A6A3206D4E7F0098DFD0 /* GoogleService-Info.plist in Resources */ = {isa = PBXBuildFile; fileRef = EAB7A6A2206D4E7F0098DFD0 /* GoogleService-Info.plist */; };
		EAF7B74E2071ADFE002C55AF /* ProgressChartCell.swift in Sources */ = {isa = PBXBuildFile; fileRef = EAF7B74C2071ADFE002C55AF /* ProgressChartCell.swift */; };
		EAF7B74F2071ADFE002C55AF /* ProgressChartCell.xib in Resources */ = {isa = PBXBuildFile; fileRef = EAF7B74D2071ADFE002C55AF /* ProgressChartCell.xib */; };
		FA040ABE206CAC850083D44E /* VoiceMemoViewController.swift in Sources */ = {isa = PBXBuildFile; fileRef = FA040ABD206CAC850083D44E /* VoiceMemoViewController.swift */; };
/* End PBXBuildFile section */

/* Begin PBXFileReference section */
		1524DDA64DF11A654BCBB4D3 /* Pods-BMH.debug.xcconfig */ = {isa = PBXFileReference; includeInIndex = 1; lastKnownFileType = text.xcconfig; name = "Pods-BMH.debug.xcconfig"; path = "Pods/Target Support Files/Pods-BMH/Pods-BMH.debug.xcconfig"; sourceTree = "<group>"; };
		19F88A89D5B249BBE3627F3D /* Pods-BMH.release.xcconfig */ = {isa = PBXFileReference; includeInIndex = 1; lastKnownFileType = text.xcconfig; name = "Pods-BMH.release.xcconfig"; path = "Pods/Target Support Files/Pods-BMH/Pods-BMH.release.xcconfig"; sourceTree = "<group>"; };
		1D1710C135088E5B384F48D3 /* Pods_BMH.framework */ = {isa = PBXFileReference; explicitFileType = wrapper.framework; includeInIndex = 0; path = Pods_BMH.framework; sourceTree = BUILT_PRODUCTS_DIR; };
		278A4A5E206D4EAF00D0F040 /* HistoryTableViewController.swift */ = {isa = PBXFileReference; lastKnownFileType = sourcecode.swift; path = HistoryTableViewController.swift; sourceTree = "<group>"; };
		78428CC8206D1450004A6342 /* SettingsViewController.swift */ = {isa = PBXFileReference; lastKnownFileType = sourcecode.swift; path = SettingsViewController.swift; sourceTree = "<group>"; };
		78428CCA206D1778004A6342 /* SettingsTableViewCell.swift */ = {isa = PBXFileReference; lastKnownFileType = sourcecode.swift; path = SettingsTableViewCell.swift; sourceTree = "<group>"; };
		786926DD20741345009CC203 /* LoginViewController.swift */ = {isa = PBXFileReference; lastKnownFileType = sourcecode.swift; path = LoginViewController.swift; sourceTree = "<group>"; };
		78DDD33720742C8E00A870F6 /* LoginHelper.swift */ = {isa = PBXFileReference; lastKnownFileType = sourcecode.swift; path = LoginHelper.swift; sourceTree = "<group>"; };
		EA08101F2075E2580059C0DD /* ProgressTableViewController.swift */ = {isa = PBXFileReference; lastKnownFileType = sourcecode.swift; path = ProgressTableViewController.swift; sourceTree = "<group>"; };
		EA0A98E42071A9B400C7D253 /* HistoryCell.xib */ = {isa = PBXFileReference; fileEncoding = 4; lastKnownFileType = file.xib; path = HistoryCell.xib; sourceTree = "<group>"; };
		EA0A98E52071A9B400C7D253 /* HistoryCell.swift */ = {isa = PBXFileReference; fileEncoding = 4; lastKnownFileType = sourcecode.swift; path = HistoryCell.swift; sourceTree = "<group>"; };
		EA1E531520741F19005A9F41 /* ActivityExercise.swift */ = {isa = PBXFileReference; lastKnownFileType = sourcecode.swift; path = ActivityExercise.swift; sourceTree = "<group>"; };
		EA1E53192074211F005A9F41 /* ActExList.json */ = {isa = PBXFileReference; lastKnownFileType = text.json; path = ActExList.json; sourceTree = "<group>"; };
		EA29CDB7206B22DF00B016FE /* BMH.app */ = {isa = PBXFileReference; explicitFileType = wrapper.application; includeInIndex = 0; path = BMH.app; sourceTree = BUILT_PRODUCTS_DIR; };
		EA29CDBA206B22DF00B016FE /* AppDelegate.swift */ = {isa = PBXFileReference; lastKnownFileType = sourcecode.swift; path = AppDelegate.swift; sourceTree = "<group>"; };
		EA29CDBC206B22DF00B016FE /* ProgressViewController.swift */ = {isa = PBXFileReference; lastKnownFileType = sourcecode.swift; path = ProgressViewController.swift; sourceTree = "<group>"; };
		EA29CDBE206B22DF00B016FE /* HistoryViewController.swift */ = {isa = PBXFileReference; lastKnownFileType = sourcecode.swift; path = HistoryViewController.swift; sourceTree = "<group>"; };
		EA29CDC1206B22DF00B016FE /* Base */ = {isa = PBXFileReference; lastKnownFileType = file.storyboard; name = Base; path = Base.lproj/Main.storyboard; sourceTree = "<group>"; };
		EA29CDC3206B22DF00B016FE /* Assets.xcassets */ = {isa = PBXFileReference; lastKnownFileType = folder.assetcatalog; path = Assets.xcassets; sourceTree = "<group>"; };
		EA29CDC6206B22DF00B016FE /* Base */ = {isa = PBXFileReference; lastKnownFileType = file.storyboard; name = Base; path = Base.lproj/LaunchScreen.storyboard; sourceTree = "<group>"; };
		EA29CDC8206B22DF00B016FE /* Info.plist */ = {isa = PBXFileReference; lastKnownFileType = text.plist.xml; path = Info.plist; sourceTree = "<group>"; };
		EA31488D206C33A7006F712A /* SelectionTableViewCell.swift */ = {isa = PBXFileReference; lastKnownFileType = sourcecode.swift; path = SelectionTableViewCell.swift; sourceTree = "<group>"; };
		EA31488E206C33A7006F712A /* SelectionTableViewCell.xib */ = {isa = PBXFileReference; lastKnownFileType = file.xib; path = SelectionTableViewCell.xib; sourceTree = "<group>"; };
		EA7566BA2074BCE600E547D9 /* UIColorHelper.swift */ = {isa = PBXFileReference; lastKnownFileType = sourcecode.swift; path = UIColorHelper.swift; sourceTree = "<group>"; };
		EAB7A6A2206D4E7F0098DFD0 /* GoogleService-Info.plist */ = {isa = PBXFileReference; fileEncoding = 4; lastKnownFileType = text.plist.xml; name = "GoogleService-Info.plist"; path = "BMH/GoogleService-Info.plist"; sourceTree = "<group>"; };
		EAF7B74C2071ADFE002C55AF /* ProgressChartCell.swift */ = {isa = PBXFileReference; lastKnownFileType = sourcecode.swift; path = ProgressChartCell.swift; sourceTree = "<group>"; };
		EAF7B74D2071ADFE002C55AF /* ProgressChartCell.xib */ = {isa = PBXFileReference; lastKnownFileType = file.xib; path = ProgressChartCell.xib; sourceTree = "<group>"; };
		FA040ABD206CAC850083D44E /* VoiceMemoViewController.swift */ = {isa = PBXFileReference; lastKnownFileType = sourcecode.swift; path = VoiceMemoViewController.swift; sourceTree = "<group>"; };
/* End PBXFileReference section */

/* Begin PBXFrameworksBuildPhase section */
		EA29CDB4206B22DF00B016FE /* Frameworks */ = {
			isa = PBXFrameworksBuildPhase;
			buildActionMask = 2147483647;
			files = (
				98BD6969929EC011E017EFAD /* Pods_BMH.framework in Frameworks */,
			);
			runOnlyForDeploymentPostprocessing = 0;
		};
/* End PBXFrameworksBuildPhase section */

/* Begin PBXGroup section */
		63C0C10646FF0E49B1C3FB7B /* Pods */ = {
			isa = PBXGroup;
			children = (
				1524DDA64DF11A654BCBB4D3 /* Pods-BMH.debug.xcconfig */,
				19F88A89D5B249BBE3627F3D /* Pods-BMH.release.xcconfig */,
			);
			name = Pods;
			sourceTree = "<group>";
		};
		EA1E531420741EA9005A9F41 /* SupportFiles */ = {
			isa = PBXGroup;
			children = (
				EA1E531520741F19005A9F41 /* ActivityExercise.swift */,
				EA1E53192074211F005A9F41 /* ActExList.json */,
				78DDD33720742C8E00A870F6 /* LoginHelper.swift */,
				EA7566BA2074BCE600E547D9 /* UIColorHelper.swift */,
			);
			path = SupportFiles;
			sourceTree = "<group>";
		};
		EA29CDAE206B22DF00B016FE = {
			isa = PBXGroup;
			children = (
				EAB7A6A2206D4E7F0098DFD0 /* GoogleService-Info.plist */,
				EA29CDB9206B22DF00B016FE /* BMH */,
				EA29CDB8206B22DF00B016FE /* Products */,
				63C0C10646FF0E49B1C3FB7B /* Pods */,
				EB89E9CA20796AAA3FF51249 /* Frameworks */,
			);
			sourceTree = "<group>";
		};
		EA29CDB8206B22DF00B016FE /* Products */ = {
			isa = PBXGroup;
			children = (
				EA29CDB7206B22DF00B016FE /* BMH.app */,
			);
			name = Products;
			sourceTree = "<group>";
		};
		EA29CDB9206B22DF00B016FE /* BMH */ = {
			isa = PBXGroup;
			children = (
				EA1E531420741EA9005A9F41 /* SupportFiles */,
				EA4A98A5206BF6CE004C0957 /* SupportViews */,
				EA4A98A3206BF66D004C0957 /* ViewControllers */,
				EA4A98A2206BF648004C0957 /* HistoryViews */,
				EA4A98A1206BF639004C0957 /* ProgressViews */,
				EA29CDBA206B22DF00B016FE /* AppDelegate.swift */,
				EA29CDC3206B22DF00B016FE /* Assets.xcassets */,
				EA29CDC0206B22DF00B016FE /* Main.storyboard */,
				EA29CDC5206B22DF00B016FE /* LaunchScreen.storyboard */,
				EA29CDC8206B22DF00B016FE /* Info.plist */,
			);
			path = BMH;
			sourceTree = "<group>";
		};
		EA4A98A1206BF639004C0957 /* ProgressViews */ = {
			isa = PBXGroup;
			children = (
				EAF7B74C2071ADFE002C55AF /* ProgressChartCell.swift */,
				EAF7B74D2071ADFE002C55AF /* ProgressChartCell.xib */,
				EA08101F2075E2580059C0DD /* ProgressTableViewController.swift */,
			);
			path = ProgressViews;
			sourceTree = "<group>";
		};
		EA4A98A2206BF648004C0957 /* HistoryViews */ = {
			isa = PBXGroup;
			children = (
				EA0A98E52071A9B400C7D253 /* HistoryCell.swift */,
				EA0A98E42071A9B400C7D253 /* HistoryCell.xib */,
				278A4A5E206D4EAF00D0F040 /* HistoryTableViewController.swift */,
			);
			path = HistoryViews;
			sourceTree = "<group>";
		};
		EA4A98A3206BF66D004C0957 /* ViewControllers */ = {
			isa = PBXGroup;
			children = (
				EA29CDBC206B22DF00B016FE /* ProgressViewController.swift */,
				EA29CDBE206B22DF00B016FE /* HistoryViewController.swift */,
				78428CC8206D1450004A6342 /* SettingsViewController.swift */,
				786926DD20741345009CC203 /* LoginViewController.swift */,
				FA040ABD206CAC850083D44E /* VoiceMemoViewController.swift */,
			);
			path = ViewControllers;
			sourceTree = "<group>";
		};
		EA4A98A5206BF6CE004C0957 /* SupportViews */ = {
			isa = PBXGroup;
			children = (
				EA31488D206C33A7006F712A /* SelectionTableViewCell.swift */,
				EA31488E206C33A7006F712A /* SelectionTableViewCell.xib */,
				78428CCA206D1778004A6342 /* SettingsTableViewCell.swift */,
			);
			path = SupportViews;
			sourceTree = "<group>";
		};
		EB89E9CA20796AAA3FF51249 /* Frameworks */ = {
			isa = PBXGroup;
			children = (
				1D1710C135088E5B384F48D3 /* Pods_BMH.framework */,
			);
			name = Frameworks;
			sourceTree = "<group>";
		};
/* End PBXGroup section */

/* Begin PBXNativeTarget section */
		EA29CDB6206B22DF00B016FE /* BMH */ = {
			isa = PBXNativeTarget;
			buildConfigurationList = EA29CDCB206B22DF00B016FE /* Build configuration list for PBXNativeTarget "BMH" */;
			buildPhases = (
				BAD563E7E4B77E32C03B3188 /* [CP] Check Pods Manifest.lock */,
				EA29CDB3206B22DF00B016FE /* Sources */,
				EA29CDB4206B22DF00B016FE /* Frameworks */,
				EA29CDB5206B22DF00B016FE /* Resources */,
				C813BA3AF14D9B2F3BF7D0B1 /* [CP] Embed Pods Frameworks */,
				3F79AE2AD5980E2F9D9D0E8B /* [CP] Copy Pods Resources */,
			);
			buildRules = (
			);
			dependencies = (
			);
			name = BMH;
			productName = BMH;
			productReference = EA29CDB7206B22DF00B016FE /* BMH.app */;
			productType = "com.apple.product-type.application";
		};
/* End PBXNativeTarget section */

/* Begin PBXProject section */
		EA29CDAF206B22DF00B016FE /* Project object */ = {
			isa = PBXProject;
			attributes = {
				LastSwiftUpdateCheck = 0920;
				LastUpgradeCheck = 0930;
				ORGANIZATIONNAME = "Bamboo Mobile Health";
				TargetAttributes = {
					EA29CDB6206B22DF00B016FE = {
						CreatedOnToolsVersion = 9.2;
						ProvisioningStyle = Automatic;
					};
				};
			};
			buildConfigurationList = EA29CDB2206B22DF00B016FE /* Build configuration list for PBXProject "BMH" */;
			compatibilityVersion = "Xcode 8.0";
			developmentRegion = en;
			hasScannedForEncodings = 0;
			knownRegions = (
				en,
				Base,
			);
			mainGroup = EA29CDAE206B22DF00B016FE;
			productRefGroup = EA29CDB8206B22DF00B016FE /* Products */;
			projectDirPath = "";
			projectRoot = "";
			targets = (
				EA29CDB6206B22DF00B016FE /* BMH */,
			);
		};
/* End PBXProject section */

/* Begin PBXResourcesBuildPhase section */
		EA29CDB5206B22DF00B016FE /* Resources */ = {
			isa = PBXResourcesBuildPhase;
			buildActionMask = 2147483647;
			files = (
				EA0A98E62071A9B400C7D253 /* HistoryCell.xib in Resources */,
				EA314890206C33A7006F712A /* SelectionTableViewCell.xib in Resources */,
				EA29CDC7206B22DF00B016FE /* LaunchScreen.storyboard in Resources */,
				EAF7B74F2071ADFE002C55AF /* ProgressChartCell.xib in Resources */,
				EAB7A6A3206D4E7F0098DFD0 /* GoogleService-Info.plist in Resources */,
				EA29CDC4206B22DF00B016FE /* Assets.xcassets in Resources */,
				EA29CDC2206B22DF00B016FE /* Main.storyboard in Resources */,
				EA1E531A2074211F005A9F41 /* ActExList.json in Resources */,
			);
			runOnlyForDeploymentPostprocessing = 0;
		};
/* End PBXResourcesBuildPhase section */

/* Begin PBXShellScriptBuildPhase section */
		3F79AE2AD5980E2F9D9D0E8B /* [CP] Copy Pods Resources */ = {
			isa = PBXShellScriptBuildPhase;
			buildActionMask = 2147483647;
			files = (
			);
			inputPaths = (
			);
			name = "[CP] Copy Pods Resources";
			outputPaths = (
			);
			runOnlyForDeploymentPostprocessing = 0;
			shellPath = /bin/sh;
			shellScript = "\"${SRCROOT}/Pods/Target Support Files/Pods-BMH/Pods-BMH-resources.sh\"\n";
			showEnvVarsInLog = 0;
		};
		BAD563E7E4B77E32C03B3188 /* [CP] Check Pods Manifest.lock */ = {
			isa = PBXShellScriptBuildPhase;
			buildActionMask = 2147483647;
			files = (
			);
			inputPaths = (
				"${PODS_PODFILE_DIR_PATH}/Podfile.lock",
				"${PODS_ROOT}/Manifest.lock",
			);
			name = "[CP] Check Pods Manifest.lock";
			outputPaths = (
				"$(DERIVED_FILE_DIR)/Pods-BMH-checkManifestLockResult.txt",
			);
			runOnlyForDeploymentPostprocessing = 0;
			shellPath = /bin/sh;
			shellScript = "diff \"${PODS_PODFILE_DIR_PATH}/Podfile.lock\" \"${PODS_ROOT}/Manifest.lock\" > /dev/null\nif [ $? != 0 ] ; then\n    # print error to STDERR\n    echo \"error: The sandbox is not in sync with the Podfile.lock. Run 'pod install' or update your CocoaPods installation.\" >&2\n    exit 1\nfi\n# This output is used by Xcode 'outputs' to avoid re-running this script phase.\necho \"SUCCESS\" > \"${SCRIPT_OUTPUT_FILE_0}\"\n";
			showEnvVarsInLog = 0;
		};
		C813BA3AF14D9B2F3BF7D0B1 /* [CP] Embed Pods Frameworks */ = {
			isa = PBXShellScriptBuildPhase;
			buildActionMask = 2147483647;
			files = (
			);
			inputPaths = (
				"${SRCROOT}/Pods/Target Support Files/Pods-BMH/Pods-BMH-frameworks.sh",
				"${BUILT_PRODUCTS_DIR}/BoringSSL/openssl.framework",
				"${BUILT_PRODUCTS_DIR}/Charts/Charts.framework",
				"${BUILT_PRODUCTS_DIR}/CryptoSwift/CryptoSwift.framework",
				"${BUILT_PRODUCTS_DIR}/GTMSessionFetcher/GTMSessionFetcher.framework",
				"${BUILT_PRODUCTS_DIR}/GoogleToolboxForMac/GoogleToolboxForMac.framework",
				"${BUILT_PRODUCTS_DIR}/IQKeyboardManager/IQKeyboardManager.framework",
				"${BUILT_PRODUCTS_DIR}/Locksmith/Locksmith.framework",
				"${BUILT_PRODUCTS_DIR}/Protobuf/Protobuf.framework",
				"${BUILT_PRODUCTS_DIR}/SQLCipher/SQLCipher.framework",
				"${BUILT_PRODUCTS_DIR}/SQLite.swift/SQLite.framework",
				"${BUILT_PRODUCTS_DIR}/gRPC/GRPCClient.framework",
				"${BUILT_PRODUCTS_DIR}/gRPC-Core/grpc.framework",
				"${BUILT_PRODUCTS_DIR}/gRPC-ProtoRPC/ProtoRPC.framework",
				"${BUILT_PRODUCTS_DIR}/gRPC-RxLibrary/RxLibrary.framework",
				"${BUILT_PRODUCTS_DIR}/leveldb-library/leveldb.framework",
				"${BUILT_PRODUCTS_DIR}/nanopb/nanopb.framework",
			);
			name = "[CP] Embed Pods Frameworks";
			outputPaths = (
				"${TARGET_BUILD_DIR}/${FRAMEWORKS_FOLDER_PATH}/openssl.framework",
				"${TARGET_BUILD_DIR}/${FRAMEWORKS_FOLDER_PATH}/Charts.framework",
				"${TARGET_BUILD_DIR}/${FRAMEWORKS_FOLDER_PATH}/CryptoSwift.framework",
				"${TARGET_BUILD_DIR}/${FRAMEWORKS_FOLDER_PATH}/GTMSessionFetcher.framework",
				"${TARGET_BUILD_DIR}/${FRAMEWORKS_FOLDER_PATH}/GoogleToolboxForMac.framework",
				"${TARGET_BUILD_DIR}/${FRAMEWORKS_FOLDER_PATH}/IQKeyboardManager.framework",
				"${TARGET_BUILD_DIR}/${FRAMEWORKS_FOLDER_PATH}/Locksmith.framework",
				"${TARGET_BUILD_DIR}/${FRAMEWORKS_FOLDER_PATH}/Protobuf.framework",
				"${TARGET_BUILD_DIR}/${FRAMEWORKS_FOLDER_PATH}/SQLCipher.framework",
				"${TARGET_BUILD_DIR}/${FRAMEWORKS_FOLDER_PATH}/SQLite.framework",
				"${TARGET_BUILD_DIR}/${FRAMEWORKS_FOLDER_PATH}/GRPCClient.framework",
				"${TARGET_BUILD_DIR}/${FRAMEWORKS_FOLDER_PATH}/grpc.framework",
				"${TARGET_BUILD_DIR}/${FRAMEWORKS_FOLDER_PATH}/ProtoRPC.framework",
				"${TARGET_BUILD_DIR}/${FRAMEWORKS_FOLDER_PATH}/RxLibrary.framework",
				"${TARGET_BUILD_DIR}/${FRAMEWORKS_FOLDER_PATH}/leveldb.framework",
				"${TARGET_BUILD_DIR}/${FRAMEWORKS_FOLDER_PATH}/nanopb.framework",
			);
			runOnlyForDeploymentPostprocessing = 0;
			shellPath = /bin/sh;
			shellScript = "\"${SRCROOT}/Pods/Target Support Files/Pods-BMH/Pods-BMH-frameworks.sh\"\n";
			showEnvVarsInLog = 0;
		};
/* End PBXShellScriptBuildPhase section */

/* Begin PBXSourcesBuildPhase section */
		EA29CDB3206B22DF00B016FE /* Sources */ = {
			isa = PBXSourcesBuildPhase;
			buildActionMask = 2147483647;
			files = (
				EA29CDBF206B22DF00B016FE /* HistoryViewController.swift in Sources */,
				EA1E531620741F19005A9F41 /* ActivityExercise.swift in Sources */,
				278A4A5F206D4EAF00D0F040 /* HistoryTableViewController.swift in Sources */,
				EA0A98E72071A9B400C7D253 /* HistoryCell.swift in Sources */,
				EA0810202075E2580059C0DD /* ProgressTableViewController.swift in Sources */,
				EA29CDBB206B22DF00B016FE /* AppDelegate.swift in Sources */,
				EA31488F206C33A7006F712A /* SelectionTableViewCell.swift in Sources */,
				EA29CDBD206B22DF00B016FE /* ProgressViewController.swift in Sources */,
				78428CCB206D1778004A6342 /* SettingsTableViewCell.swift in Sources */,
				EAF7B74E2071ADFE002C55AF /* ProgressChartCell.swift in Sources */,
				EA7566BB2074BCE600E547D9 /* UIColorHelper.swift in Sources */,
				78428CC9206D1450004A6342 /* SettingsViewController.swift in Sources */,
				78DDD33820742C8E00A870F6 /* LoginHelper.swift in Sources */,
				786926DE20741346009CC203 /* LoginViewController.swift in Sources */,
				FA040ABE206CAC850083D44E /* VoiceMemoViewController.swift in Sources */,
			);
			runOnlyForDeploymentPostprocessing = 0;
		};
/* End PBXSourcesBuildPhase section */

/* Begin PBXVariantGroup section */
		EA29CDC0206B22DF00B016FE /* Main.storyboard */ = {
			isa = PBXVariantGroup;
			children = (
				EA29CDC1206B22DF00B016FE /* Base */,
			);
			name = Main.storyboard;
			sourceTree = "<group>";
		};
		EA29CDC5206B22DF00B016FE /* LaunchScreen.storyboard */ = {
			isa = PBXVariantGroup;
			children = (
				EA29CDC6206B22DF00B016FE /* Base */,
			);
			name = LaunchScreen.storyboard;
			sourceTree = "<group>";
		};
/* End PBXVariantGroup section */

/* Begin XCBuildConfiguration section */
		EA29CDC9206B22DF00B016FE /* Debug */ = {
			isa = XCBuildConfiguration;
			buildSettings = {
				ALWAYS_SEARCH_USER_PATHS = NO;
				CLANG_ANALYZER_NONNULL = YES;
				CLANG_ANALYZER_NUMBER_OBJECT_CONVERSION = YES_AGGRESSIVE;
				CLANG_CXX_LANGUAGE_STANDARD = "gnu++14";
				CLANG_CXX_LIBRARY = "libc++";
				CLANG_ENABLE_MODULES = YES;
				CLANG_ENABLE_OBJC_ARC = YES;
				CLANG_WARN_BLOCK_CAPTURE_AUTORELEASING = YES;
				CLANG_WARN_BOOL_CONVERSION = YES;
				CLANG_WARN_COMMA = YES;
				CLANG_WARN_CONSTANT_CONVERSION = YES;
				CLANG_WARN_DEPRECATED_OBJC_IMPLEMENTATIONS = YES;
				CLANG_WARN_DIRECT_OBJC_ISA_USAGE = YES_ERROR;
				CLANG_WARN_DOCUMENTATION_COMMENTS = YES;
				CLANG_WARN_EMPTY_BODY = YES;
				CLANG_WARN_ENUM_CONVERSION = YES;
				CLANG_WARN_INFINITE_RECURSION = YES;
				CLANG_WARN_INT_CONVERSION = YES;
				CLANG_WARN_NON_LITERAL_NULL_CONVERSION = YES;
				CLANG_WARN_OBJC_IMPLICIT_RETAIN_SELF = YES;
				CLANG_WARN_OBJC_LITERAL_CONVERSION = YES;
				CLANG_WARN_OBJC_ROOT_CLASS = YES_ERROR;
				CLANG_WARN_RANGE_LOOP_ANALYSIS = YES;
				CLANG_WARN_STRICT_PROTOTYPES = YES;
				CLANG_WARN_SUSPICIOUS_MOVE = YES;
				CLANG_WARN_UNGUARDED_AVAILABILITY = YES_AGGRESSIVE;
				CLANG_WARN_UNREACHABLE_CODE = YES;
				CLANG_WARN__DUPLICATE_METHOD_MATCH = YES;
				CODE_SIGN_IDENTITY = "iPhone Developer";
				COPY_PHASE_STRIP = NO;
				DEBUG_INFORMATION_FORMAT = dwarf;
				ENABLE_STRICT_OBJC_MSGSEND = YES;
				ENABLE_TESTABILITY = YES;
				GCC_C_LANGUAGE_STANDARD = gnu11;
				GCC_DYNAMIC_NO_PIC = NO;
				GCC_NO_COMMON_BLOCKS = YES;
				GCC_OPTIMIZATION_LEVEL = 0;
				GCC_PREPROCESSOR_DEFINITIONS = (
					"DEBUG=1",
					"$(inherited)",
				);
				GCC_WARN_64_TO_32_BIT_CONVERSION = YES;
				GCC_WARN_ABOUT_RETURN_TYPE = YES_ERROR;
				GCC_WARN_UNDECLARED_SELECTOR = YES;
				GCC_WARN_UNINITIALIZED_AUTOS = YES_AGGRESSIVE;
				GCC_WARN_UNUSED_FUNCTION = YES;
				GCC_WARN_UNUSED_VARIABLE = YES;
				IPHONEOS_DEPLOYMENT_TARGET = 10.3;
				MTL_ENABLE_DEBUG_INFO = YES;
				ONLY_ACTIVE_ARCH = YES;
				SDKROOT = iphoneos;
				SWIFT_ACTIVE_COMPILATION_CONDITIONS = DEBUG;
				SWIFT_OPTIMIZATION_LEVEL = "-Onone";
			};
			name = Debug;
		};
		EA29CDCA206B22DF00B016FE /* Release */ = {
			isa = XCBuildConfiguration;
			buildSettings = {
				ALWAYS_SEARCH_USER_PATHS = NO;
				CLANG_ANALYZER_NONNULL = YES;
				CLANG_ANALYZER_NUMBER_OBJECT_CONVERSION = YES_AGGRESSIVE;
				CLANG_CXX_LANGUAGE_STANDARD = "gnu++14";
				CLANG_CXX_LIBRARY = "libc++";
				CLANG_ENABLE_MODULES = YES;
				CLANG_ENABLE_OBJC_ARC = YES;
				CLANG_WARN_BLOCK_CAPTURE_AUTORELEASING = YES;
				CLANG_WARN_BOOL_CONVERSION = YES;
				CLANG_WARN_COMMA = YES;
				CLANG_WARN_CONSTANT_CONVERSION = YES;
				CLANG_WARN_DEPRECATED_OBJC_IMPLEMENTATIONS = YES;
				CLANG_WARN_DIRECT_OBJC_ISA_USAGE = YES_ERROR;
				CLANG_WARN_DOCUMENTATION_COMMENTS = YES;
				CLANG_WARN_EMPTY_BODY = YES;
				CLANG_WARN_ENUM_CONVERSION = YES;
				CLANG_WARN_INFINITE_RECURSION = YES;
				CLANG_WARN_INT_CONVERSION = YES;
				CLANG_WARN_NON_LITERAL_NULL_CONVERSION = YES;
				CLANG_WARN_OBJC_IMPLICIT_RETAIN_SELF = YES;
				CLANG_WARN_OBJC_LITERAL_CONVERSION = YES;
				CLANG_WARN_OBJC_ROOT_CLASS = YES_ERROR;
				CLANG_WARN_RANGE_LOOP_ANALYSIS = YES;
				CLANG_WARN_STRICT_PROTOTYPES = YES;
				CLANG_WARN_SUSPICIOUS_MOVE = YES;
				CLANG_WARN_UNGUARDED_AVAILABILITY = YES_AGGRESSIVE;
				CLANG_WARN_UNREACHABLE_CODE = YES;
				CLANG_WARN__DUPLICATE_METHOD_MATCH = YES;
				CODE_SIGN_IDENTITY = "iPhone Developer";
				COPY_PHASE_STRIP = NO;
				DEBUG_INFORMATION_FORMAT = "dwarf-with-dsym";
				ENABLE_NS_ASSERTIONS = NO;
				ENABLE_STRICT_OBJC_MSGSEND = YES;
				GCC_C_LANGUAGE_STANDARD = gnu11;
				GCC_NO_COMMON_BLOCKS = YES;
				GCC_WARN_64_TO_32_BIT_CONVERSION = YES;
				GCC_WARN_ABOUT_RETURN_TYPE = YES_ERROR;
				GCC_WARN_UNDECLARED_SELECTOR = YES;
				GCC_WARN_UNINITIALIZED_AUTOS = YES_AGGRESSIVE;
				GCC_WARN_UNUSED_FUNCTION = YES;
				GCC_WARN_UNUSED_VARIABLE = YES;
				IPHONEOS_DEPLOYMENT_TARGET = 10.3;
				MTL_ENABLE_DEBUG_INFO = NO;
				SDKROOT = iphoneos;
				SWIFT_OPTIMIZATION_LEVEL = "-Owholemodule";
				VALIDATE_PRODUCT = YES;
			};
			name = Release;
		};
		EA29CDCC206B22DF00B016FE /* Debug */ = {
			isa = XCBuildConfiguration;
			baseConfigurationReference = 1524DDA64DF11A654BCBB4D3 /* Pods-BMH.debug.xcconfig */;
			buildSettings = {
				ASSETCATALOG_COMPILER_APPICON_NAME = AppIcon;
				CODE_SIGN_STYLE = Automatic;
				DEVELOPMENT_TEAM = V35ZP6VURV;
				INFOPLIST_FILE = BMH/Info.plist;
				IPHONEOS_DEPLOYMENT_TARGET = 10.3;
				LD_RUNPATH_SEARCH_PATHS = "$(inherited) @executable_path/Frameworks";
				PRODUCT_BUNDLE_IDENTIFIER = com.bamboomobilehealth;
				PRODUCT_NAME = "$(TARGET_NAME)";
				SWIFT_VERSION = 4.0;
				TARGETED_DEVICE_FAMILY = 1;
			};
			name = Debug;
		};
		EA29CDCD206B22DF00B016FE /* Release */ = {
			isa = XCBuildConfiguration;
			baseConfigurationReference = 19F88A89D5B249BBE3627F3D /* Pods-BMH.release.xcconfig */;
			buildSettings = {
				ASSETCATALOG_COMPILER_APPICON_NAME = AppIcon;
				CODE_SIGN_STYLE = Automatic;
				DEVELOPMENT_TEAM = V35ZP6VURV;
				INFOPLIST_FILE = BMH/Info.plist;
				IPHONEOS_DEPLOYMENT_TARGET = 10.3;
				LD_RUNPATH_SEARCH_PATHS = "$(inherited) @executable_path/Frameworks";
				PRODUCT_BUNDLE_IDENTIFIER = com.bamboomobilehealth;
				PRODUCT_NAME = "$(TARGET_NAME)";
				SWIFT_VERSION = 4.0;
				TARGETED_DEVICE_FAMILY = 1;
			};
			name = Release;
		};
/* End XCBuildConfiguration section */

/* Begin XCConfigurationList section */
		EA29CDB2206B22DF00B016FE /* Build configuration list for PBXProject "BMH" */ = {
			isa = XCConfigurationList;
			buildConfigurations = (
				EA29CDC9206B22DF00B016FE /* Debug */,
				EA29CDCA206B22DF00B016FE /* Release */,
			);
			defaultConfigurationIsVisible = 0;
			defaultConfigurationName = Release;
		};
		EA29CDCB206B22DF00B016FE /* Build configuration list for PBXNativeTarget "BMH" */ = {
			isa = XCConfigurationList;
			buildConfigurations = (
				EA29CDCC206B22DF00B016FE /* Debug */,
				EA29CDCD206B22DF00B016FE /* Release */,
			);
			defaultConfigurationIsVisible = 0;
			defaultConfigurationName = Release;
		};
/* End XCConfigurationList section */
	};
	rootObject = EA29CDAF206B22DF00B016FE /* Project object */;
}
